
Microsoft Visual Studio Solution File, Format Version 12.00
# Visual Studio Version 16
VisualStudioVersion = 16.0.810.17
MinimumVisualStudioVersion = 10.0.40219.1
Project("{FAE04EC0-301F-11D3-BF4B-00C04F79EFBC}") = "ExampleProblem409", "ExampleProblem409.csproj", "{09AB23E7-3508-4FC7-8C75-BDF1AD918A34}"
EndProject
Global
	GlobalSection(SolutionConfigurationPlatforms) = preSolution
		Debug|Any CPU = Debug|Any CPU
		Release|Any CPU = Release|Any CPU
	EndGlobalSection
	GlobalSection(ProjectConfigurationPlatforms) = postSolution
		{09AB23E7-3508-4FC7-8C75-BDF1AD918A34}.Debug|Any CPU.ActiveCfg = Debug|Any CPU
		{09AB23E7-3508-4FC7-8C75-BDF1AD918A34}.Debug|Any CPU.Build.0 = Debug|Any CPU
		{09AB23E7-3508-4FC7-8C75-BDF1AD918A34}.Release|Any CPU.ActiveCfg = Release|Any CPU
		{09AB23E7-3508-4FC7-8C75-BDF1AD918A34}.Release|Any CPU.Build.0 = Release|Any CPU
	EndGlobalSection
	GlobalSection(SolutionProperties) = preSolution
		HideSolutionNode = FALSE
	EndGlobalSection
	GlobalSection(ExtensibilityGlobals) = postSolution
		SolutionGuid = {C8EF7E2C-E3EA-4433-89AB-C0B6E7C939A2}
	EndGlobalSection
EndGlobal
