
Microsoft Visual Studio Solution File, Format Version 12.00
# Visual Studio Version 16
VisualStudioVersion = 16.0.810.16
MinimumVisualStudioVersion = 10.0.40219.1
Project("{FAE04EC0-301F-11D3-BF4B-00C04F79EFBC}") = "Sample210", "Sample210.csproj", "{57833878-DD66-4A6D-AF4C-8A43DF8CF501}"
EndProject
Global
	GlobalSection(SolutionConfigurationPlatforms) = preSolution
		Debug|Any CPU = Debug|Any CPU
		Release|Any CPU = Release|Any CPU
	EndGlobalSection
	GlobalSection(ProjectConfigurationPlatforms) = postSolution
		{57833878-DD66-4A6D-AF4C-8A43DF8CF501}.Debug|Any CPU.ActiveCfg = Debug|Any CPU
		{57833878-DD66-4A6D-AF4C-8A43DF8CF501}.Debug|Any CPU.Build.0 = Debug|Any CPU
		{57833878-DD66-4A6D-AF4C-8A43DF8CF501}.Release|Any CPU.ActiveCfg = Release|Any CPU
		{57833878-DD66-4A6D-AF4C-8A43DF8CF501}.Release|Any CPU.Build.0 = Release|Any CPU
	EndGlobalSection
	GlobalSection(SolutionProperties) = preSolution
		HideSolutionNode = FALSE
	EndGlobalSection
	GlobalSection(ExtensibilityGlobals) = postSolution
		SolutionGuid = {C8165AA1-9E1D-4F59-B9D7-67384D74D271}
	EndGlobalSection
EndGlobal
