
Microsoft Visual Studio Solution File, Format Version 12.00
# Visual Studio Version 16
VisualStudioVersion = 16.0.810.17
MinimumVisualStudioVersion = 10.0.40219.1
Project("{FAE04EC0-301F-11D3-BF4B-00C04F79EFBC}") = "Sample401", "Sample401.csproj", "{BC851FB2-7C08-468A-B5A9-8F4324D0BA54}"
EndProject
Global
	GlobalSection(SolutionConfigurationPlatforms) = preSolution
		Debug|Any CPU = Debug|Any CPU
		Release|Any CPU = Release|Any CPU
	EndGlobalSection
	GlobalSection(ProjectConfigurationPlatforms) = postSolution
		{BC851FB2-7C08-468A-B5A9-8F4324D0BA54}.Debug|Any CPU.ActiveCfg = Debug|Any CPU
		{BC851FB2-7C08-468A-B5A9-8F4324D0BA54}.Debug|Any CPU.Build.0 = Debug|Any CPU
		{BC851FB2-7C08-468A-B5A9-8F4324D0BA54}.Release|Any CPU.ActiveCfg = Release|Any CPU
		{BC851FB2-7C08-468A-B5A9-8F4324D0BA54}.Release|Any CPU.Build.0 = Release|Any CPU
	EndGlobalSection
	GlobalSection(SolutionProperties) = preSolution
		HideSolutionNode = FALSE
	EndGlobalSection
	GlobalSection(ExtensibilityGlobals) = postSolution
		SolutionGuid = {37A07D3B-04BE-4CB3-9BC6-7FEDF83B6481}
	EndGlobalSection
EndGlobal
