
Microsoft Visual Studio Solution File, Format Version 12.00
# Visual Studio Version 16
VisualStudioVersion = 16.0.810.16
MinimumVisualStudioVersion = 10.0.40219.1
Project("{FAE04EC0-301F-11D3-BF4B-00C04F79EFBC}") = "Sample308", "Sample308.csproj", "{43923FD4-EBDD-4DB9-86CD-7088B136DA33}"
EndProject
Global
	GlobalSection(SolutionConfigurationPlatforms) = preSolution
		Debug|Any CPU = Debug|Any CPU
		Release|Any CPU = Release|Any CPU
	EndGlobalSection
	GlobalSection(ProjectConfigurationPlatforms) = postSolution
		{43923FD4-EBDD-4DB9-86CD-7088B136DA33}.Debug|Any CPU.ActiveCfg = Debug|Any CPU
		{43923FD4-EBDD-4DB9-86CD-7088B136DA33}.Debug|Any CPU.Build.0 = Debug|Any CPU
		{43923FD4-EBDD-4DB9-86CD-7088B136DA33}.Release|Any CPU.ActiveCfg = Release|Any CPU
		{43923FD4-EBDD-4DB9-86CD-7088B136DA33}.Release|Any CPU.Build.0 = Release|Any CPU
	EndGlobalSection
	GlobalSection(SolutionProperties) = preSolution
		HideSolutionNode = FALSE
	EndGlobalSection
	GlobalSection(ExtensibilityGlobals) = postSolution
		SolutionGuid = {B4EAA746-D176-4387-AD48-C37F462D970C}
	EndGlobalSection
EndGlobal
