
Microsoft Visual Studio Solution File, Format Version 12.00
# Visual Studio Version 16
VisualStudioVersion = 16.0.810.20
MinimumVisualStudioVersion = 10.0.40219.1
Project("{FAE04EC0-301F-11D3-BF4B-00C04F79EFBC}") = "ExampleProblem601", "ExampleProblem601.csproj", "{D172B683-FBDC-4A5E-86EA-529CD309C59D}"
EndProject
Global
	GlobalSection(SolutionConfigurationPlatforms) = preSolution
		Debug|Any CPU = Debug|Any CPU
		Release|Any CPU = Release|Any CPU
	EndGlobalSection
	GlobalSection(ProjectConfigurationPlatforms) = postSolution
		{D172B683-FBDC-4A5E-86EA-529CD309C59D}.Debug|Any CPU.ActiveCfg = Debug|Any CPU
		{D172B683-FBDC-4A5E-86EA-529CD309C59D}.Debug|Any CPU.Build.0 = Debug|Any CPU
		{D172B683-FBDC-4A5E-86EA-529CD309C59D}.Release|Any CPU.ActiveCfg = Release|Any CPU
		{D172B683-FBDC-4A5E-86EA-529CD309C59D}.Release|Any CPU.Build.0 = Release|Any CPU
	EndGlobalSection
	GlobalSection(SolutionProperties) = preSolution
		HideSolutionNode = FALSE
	EndGlobalSection
	GlobalSection(ExtensibilityGlobals) = postSolution
		SolutionGuid = {522DEA36-34F3-4448-8AA8-0C82DE76D451}
	EndGlobalSection
EndGlobal
