
Microsoft Visual Studio Solution File, Format Version 12.00
# Visual Studio Version 16
VisualStudioVersion = 16.0.810.16
MinimumVisualStudioVersion = 10.0.40219.1
Project("{FAE04EC0-301F-11D3-BF4B-00C04F79EFBC}") = "Sample307", "Sample307.csproj", "{CDD89E9E-B3E6-4EEA-BF8E-438784C41353}"
EndProject
Global
	GlobalSection(SolutionConfigurationPlatforms) = preSolution
		Debug|Any CPU = Debug|Any CPU
		Release|Any CPU = Release|Any CPU
	EndGlobalSection
	GlobalSection(ProjectConfigurationPlatforms) = postSolution
		{CDD89E9E-B3E6-4EEA-BF8E-438784C41353}.Debug|Any CPU.ActiveCfg = Debug|Any CPU
		{CDD89E9E-B3E6-4EEA-BF8E-438784C41353}.Debug|Any CPU.Build.0 = Debug|Any CPU
		{CDD89E9E-B3E6-4EEA-BF8E-438784C41353}.Release|Any CPU.ActiveCfg = Release|Any CPU
		{CDD89E9E-B3E6-4EEA-BF8E-438784C41353}.Release|Any CPU.Build.0 = Release|Any CPU
	EndGlobalSection
	GlobalSection(SolutionProperties) = preSolution
		HideSolutionNode = FALSE
	EndGlobalSection
	GlobalSection(ExtensibilityGlobals) = postSolution
		SolutionGuid = {964AC024-16B5-40E6-9705-18DE05CDD6D2}
	EndGlobalSection
EndGlobal
