
Microsoft Visual Studio Solution File, Format Version 12.00
# Visual Studio Version 16
VisualStudioVersion = 16.0.810.20
MinimumVisualStudioVersion = 10.0.40219.1
Project("{FAE04EC0-301F-11D3-BF4B-00C04F79EFBC}") = "Sample511", "Sample511.csproj", "{B1019469-A771-4AEB-B55E-1B61EA23ADF0}"
EndProject
Global
	GlobalSection(SolutionConfigurationPlatforms) = preSolution
		Debug|Any CPU = Debug|Any CPU
		Release|Any CPU = Release|Any CPU
	EndGlobalSection
	GlobalSection(ProjectConfigurationPlatforms) = postSolution
		{B1019469-A771-4AEB-B55E-1B61EA23ADF0}.Debug|Any CPU.ActiveCfg = Debug|Any CPU
		{B1019469-A771-4AEB-B55E-1B61EA23ADF0}.Debug|Any CPU.Build.0 = Debug|Any CPU
		{B1019469-A771-4AEB-B55E-1B61EA23ADF0}.Release|Any CPU.ActiveCfg = Release|Any CPU
		{B1019469-A771-4AEB-B55E-1B61EA23ADF0}.Release|Any CPU.Build.0 = Release|Any CPU
	EndGlobalSection
	GlobalSection(SolutionProperties) = preSolution
		HideSolutionNode = FALSE
	EndGlobalSection
	GlobalSection(ExtensibilityGlobals) = postSolution
		SolutionGuid = {71815B16-E5F3-4773-9D58-FA3EE67DCAC3}
	EndGlobalSection
EndGlobal
