
Microsoft Visual Studio Solution File, Format Version 12.00
# Visual Studio Version 16
VisualStudioVersion = 16.0.810.16
MinimumVisualStudioVersion = 10.0.40219.1
Project("{FAE04EC0-301F-11D3-BF4B-00C04F79EFBC}") = "Sample310", "Sample310.csproj", "{3724C9FB-3DB8-471F-90CD-0E4339B9377C}"
EndProject
Global
	GlobalSection(SolutionConfigurationPlatforms) = preSolution
		Debug|Any CPU = Debug|Any CPU
		Release|Any CPU = Release|Any CPU
	EndGlobalSection
	GlobalSection(ProjectConfigurationPlatforms) = postSolution
		{3724C9FB-3DB8-471F-90CD-0E4339B9377C}.Debug|Any CPU.ActiveCfg = Debug|Any CPU
		{3724C9FB-3DB8-471F-90CD-0E4339B9377C}.Debug|Any CPU.Build.0 = Debug|Any CPU
		{3724C9FB-3DB8-471F-90CD-0E4339B9377C}.Release|Any CPU.ActiveCfg = Release|Any CPU
		{3724C9FB-3DB8-471F-90CD-0E4339B9377C}.Release|Any CPU.Build.0 = Release|Any CPU
	EndGlobalSection
	GlobalSection(SolutionProperties) = preSolution
		HideSolutionNode = FALSE
	EndGlobalSection
	GlobalSection(ExtensibilityGlobals) = postSolution
		SolutionGuid = {EC242FFF-CA75-410D-B9D2-2242715233A2}
	EndGlobalSection
EndGlobal
