
Microsoft Visual Studio Solution File, Format Version 12.00
# Visual Studio Version 16
VisualStudioVersion = 16.0.810.17
MinimumVisualStudioVersion = 10.0.40219.1
Project("{FAE04EC0-301F-11D3-BF4B-00C04F79EFBC}") = "ExampleProblem308", "ExampleProblem308.csproj", "{7C715D1F-234F-45B1-B645-7CF0DD161439}"
EndProject
Global
	GlobalSection(SolutionConfigurationPlatforms) = preSolution
		Debug|Any CPU = Debug|Any CPU
		Release|Any CPU = Release|Any CPU
	EndGlobalSection
	GlobalSection(ProjectConfigurationPlatforms) = postSolution
		{7C715D1F-234F-45B1-B645-7CF0DD161439}.Debug|Any CPU.ActiveCfg = Debug|Any CPU
		{7C715D1F-234F-45B1-B645-7CF0DD161439}.Debug|Any CPU.Build.0 = Debug|Any CPU
		{7C715D1F-234F-45B1-B645-7CF0DD161439}.Release|Any CPU.ActiveCfg = Release|Any CPU
		{7C715D1F-234F-45B1-B645-7CF0DD161439}.Release|Any CPU.Build.0 = Release|Any CPU
	EndGlobalSection
	GlobalSection(SolutionProperties) = preSolution
		HideSolutionNode = FALSE
	EndGlobalSection
	GlobalSection(ExtensibilityGlobals) = postSolution
		SolutionGuid = {350456D3-5E48-4F16-B428-5609D757EA60}
	EndGlobalSection
EndGlobal
