
Microsoft Visual Studio Solution File, Format Version 12.00
# Visual Studio Version 16
VisualStudioVersion = 16.0.810.16
MinimumVisualStudioVersion = 10.0.40219.1
Project("{FAE04EC0-301F-11D3-BF4B-00C04F79EFBC}") = "ExampleProblem304", "ExampleProblem304.csproj", "{B3EEB772-58D8-45E6-8BF0-C0FF070575D3}"
EndProject
Global
	GlobalSection(SolutionConfigurationPlatforms) = preSolution
		Debug|Any CPU = Debug|Any CPU
		Release|Any CPU = Release|Any CPU
	EndGlobalSection
	GlobalSection(ProjectConfigurationPlatforms) = postSolution
		{B3EEB772-58D8-45E6-8BF0-C0FF070575D3}.Debug|Any CPU.ActiveCfg = Debug|Any CPU
		{B3EEB772-58D8-45E6-8BF0-C0FF070575D3}.Debug|Any CPU.Build.0 = Debug|Any CPU
		{B3EEB772-58D8-45E6-8BF0-C0FF070575D3}.Release|Any CPU.ActiveCfg = Release|Any CPU
		{B3EEB772-58D8-45E6-8BF0-C0FF070575D3}.Release|Any CPU.Build.0 = Release|Any CPU
	EndGlobalSection
	GlobalSection(SolutionProperties) = preSolution
		HideSolutionNode = FALSE
	EndGlobalSection
	GlobalSection(ExtensibilityGlobals) = postSolution
		SolutionGuid = {F49AF76D-FCFF-4288-AB09-9C1273C8BB1E}
	EndGlobalSection
EndGlobal
