
Microsoft Visual Studio Solution File, Format Version 12.00
# Visual Studio Version 16
VisualStudioVersion = 16.0.810.17
MinimumVisualStudioVersion = 10.0.40219.1
Project("{FAE04EC0-301F-11D3-BF4B-00C04F79EFBC}") = "ExampleProblem310", "ExampleProblem310.csproj", "{BC7F85D1-B73C-41A5-9147-F340B4C722B4}"
EndProject
Global
	GlobalSection(SolutionConfigurationPlatforms) = preSolution
		Debug|Any CPU = Debug|Any CPU
		Release|Any CPU = Release|Any CPU
	EndGlobalSection
	GlobalSection(ProjectConfigurationPlatforms) = postSolution
		{BC7F85D1-B73C-41A5-9147-F340B4C722B4}.Debug|Any CPU.ActiveCfg = Debug|Any CPU
		{BC7F85D1-B73C-41A5-9147-F340B4C722B4}.Debug|Any CPU.Build.0 = Debug|Any CPU
		{BC7F85D1-B73C-41A5-9147-F340B4C722B4}.Release|Any CPU.ActiveCfg = Release|Any CPU
		{BC7F85D1-B73C-41A5-9147-F340B4C722B4}.Release|Any CPU.Build.0 = Release|Any CPU
	EndGlobalSection
	GlobalSection(SolutionProperties) = preSolution
		HideSolutionNode = FALSE
	EndGlobalSection
	GlobalSection(ExtensibilityGlobals) = postSolution
		SolutionGuid = {C937BF9A-FB7F-496E-98BE-412474F390A8}
	EndGlobalSection
EndGlobal
