
Microsoft Visual Studio Solution File, Format Version 12.00
# Visual Studio Version 16
VisualStudioVersion = 16.0.810.20
MinimumVisualStudioVersion = 10.0.40219.1
Project("{FAE04EC0-301F-11D3-BF4B-00C04F79EFBC}") = "Sample603", "Sample603.csproj", "{BA89D7E0-DCCA-4A81-9DFC-7E09E390C950}"
EndProject
Global
	GlobalSection(SolutionConfigurationPlatforms) = preSolution
		Debug|Any CPU = Debug|Any CPU
		Release|Any CPU = Release|Any CPU
	EndGlobalSection
	GlobalSection(ProjectConfigurationPlatforms) = postSolution
		{BA89D7E0-DCCA-4A81-9DFC-7E09E390C950}.Debug|Any CPU.ActiveCfg = Debug|Any CPU
		{BA89D7E0-DCCA-4A81-9DFC-7E09E390C950}.Debug|Any CPU.Build.0 = Debug|Any CPU
		{BA89D7E0-DCCA-4A81-9DFC-7E09E390C950}.Release|Any CPU.ActiveCfg = Release|Any CPU
		{BA89D7E0-DCCA-4A81-9DFC-7E09E390C950}.Release|Any CPU.Build.0 = Release|Any CPU
	EndGlobalSection
	GlobalSection(SolutionProperties) = preSolution
		HideSolutionNode = FALSE
	EndGlobalSection
	GlobalSection(ExtensibilityGlobals) = postSolution
		SolutionGuid = {5F00E3F7-DF86-4165-A8C4-65C98E162935}
	EndGlobalSection
EndGlobal
