
Microsoft Visual Studio Solution File, Format Version 12.00
# Visual Studio Version 16
VisualStudioVersion = 16.0.810.16
MinimumVisualStudioVersion = 10.0.40219.1
Project("{FAE04EC0-301F-11D3-BF4B-00C04F79EFBC}") = "Sample206", "Sample206.csproj", "{FA2D4B86-4461-48AA-88C2-C5E7F8D7303A}"
EndProject
Global
	GlobalSection(SolutionConfigurationPlatforms) = preSolution
		Debug|Any CPU = Debug|Any CPU
		Release|Any CPU = Release|Any CPU
	EndGlobalSection
	GlobalSection(ProjectConfigurationPlatforms) = postSolution
		{FA2D4B86-4461-48AA-88C2-C5E7F8D7303A}.Debug|Any CPU.ActiveCfg = Debug|Any CPU
		{FA2D4B86-4461-48AA-88C2-C5E7F8D7303A}.Debug|Any CPU.Build.0 = Debug|Any CPU
		{FA2D4B86-4461-48AA-88C2-C5E7F8D7303A}.Release|Any CPU.ActiveCfg = Release|Any CPU
		{FA2D4B86-4461-48AA-88C2-C5E7F8D7303A}.Release|Any CPU.Build.0 = Release|Any CPU
	EndGlobalSection
	GlobalSection(SolutionProperties) = preSolution
		HideSolutionNode = FALSE
	EndGlobalSection
	GlobalSection(ExtensibilityGlobals) = postSolution
		SolutionGuid = {B78822A3-C114-408E-A02C-7AE7C556A167}
	EndGlobalSection
EndGlobal
