
Microsoft Visual Studio Solution File, Format Version 12.00
# Visual Studio Version 16
VisualStudioVersion = 16.0.810.16
MinimumVisualStudioVersion = 10.0.40219.1
Project("{FAE04EC0-301F-11D3-BF4B-00C04F79EFBC}") = "ExampleProblem203", "ExampleProblem203.csproj", "{F6B004FD-B19E-4361-8ABE-52D4D5827D07}"
EndProject
Global
	GlobalSection(SolutionConfigurationPlatforms) = preSolution
		Debug|Any CPU = Debug|Any CPU
		Release|Any CPU = Release|Any CPU
	EndGlobalSection
	GlobalSection(ProjectConfigurationPlatforms) = postSolution
		{F6B004FD-B19E-4361-8ABE-52D4D5827D07}.Debug|Any CPU.ActiveCfg = Debug|Any CPU
		{F6B004FD-B19E-4361-8ABE-52D4D5827D07}.Debug|Any CPU.Build.0 = Debug|Any CPU
		{F6B004FD-B19E-4361-8ABE-52D4D5827D07}.Release|Any CPU.ActiveCfg = Release|Any CPU
		{F6B004FD-B19E-4361-8ABE-52D4D5827D07}.Release|Any CPU.Build.0 = Release|Any CPU
	EndGlobalSection
	GlobalSection(SolutionProperties) = preSolution
		HideSolutionNode = FALSE
	EndGlobalSection
	GlobalSection(ExtensibilityGlobals) = postSolution
		SolutionGuid = {BE4280C8-62F8-49B5-8C09-13E9DF193AFB}
	EndGlobalSection
EndGlobal
